
Microsoft Visual Studio Solution File, Format Version 12.00
# Visual Studio 15
VisualStudioVersion = 15.0.28010.2050
MinimumVisualStudioVersion = 10.0.40219.1
Project("{FAE04EC0-301F-11D3-BF4B-00C04F79EFBC}") = "App1.Android", "App1\App1.Android\App1.Android.csproj", "{A7114267-336C-4CDB-9F06-306C284D0B5D}"
EndProject
Project("{FAE04EC0-301F-11D3-BF4B-00C04F79EFBC}") = "App1.iOS", "App1\App1.iOS\App1.iOS.csproj", "{F4C7C5F0-642E-47A6-AE91-36814401D332}"
EndProject
Project("{FAE04EC0-301F-11D3-BF4B-00C04F79EFBC}") = "App1", "App1\App1\App1.csproj", "{44A08D49-E39C-4942-816D-738F34274664}"
EndProject
Global
	GlobalSection(SolutionConfigurationPlatforms) = preSolution
		Ad-Hoc|Any CPU = Ad-Hoc|Any CPU
		Ad-Hoc|iPhone = Ad-Hoc|iPhone
		Ad-Hoc|iPhoneSimulator = Ad-Hoc|iPhoneSimulator
		AppStore|Any CPU = AppStore|Any CPU
		AppStore|iPhone = AppStore|iPhone
		AppStore|iPhoneSimulator = AppStore|iPhoneSimulator
		Debug|Any CPU = Debug|Any CPU
		Debug|iPhone = Debug|iPhone
		Debug|iPhoneSimulator = Debug|iPhoneSimulator
		Release|Any CPU = Release|Any CPU
		Release|iPhone = Release|iPhone
		Release|iPhoneSimulator = Release|iPhoneSimulator
	EndGlobalSection
	GlobalSection(ProjectConfigurationPlatforms) = postSolution
		{A7114267-336C-4CDB-9F06-306C284D0B5D}.Ad-Hoc|Any CPU.ActiveCfg = Release|Any CPU
		{A7114267-336C-4CDB-9F06-306C284D0B5D}.Ad-Hoc|Any CPU.Build.0 = Release|Any CPU
		{A7114267-336C-4CDB-9F06-306C284D0B5D}.Ad-Hoc|Any CPU.Deploy.0 = Release|Any CPU
		{A7114267-336C-4CDB-9F06-306C284D0B5D}.Ad-Hoc|iPhone.ActiveCfg = Release|Any CPU
		{A7114267-336C-4CDB-9F06-306C284D0B5D}.Ad-Hoc|iPhone.Build.0 = Release|Any CPU
		{A7114267-336C-4CDB-9F06-306C284D0B5D}.Ad-Hoc|iPhone.Deploy.0 = Release|Any CPU
		{A7114267-336C-4CDB-9F06-306C284D0B5D}.Ad-Hoc|iPhoneSimulator.ActiveCfg = Release|Any CPU
		{A7114267-336C-4CDB-9F06-306C284D0B5D}.Ad-Hoc|iPhoneSimulator.Build.0 = Release|Any CPU
		{A7114267-336C-4CDB-9F06-306C284D0B5D}.Ad-Hoc|iPhoneSimulator.Deploy.0 = Release|Any CPU
		{A7114267-336C-4CDB-9F06-306C284D0B5D}.AppStore|Any CPU.ActiveCfg = Release|Any CPU
		{A7114267-336C-4CDB-9F06-306C284D0B5D}.AppStore|Any CPU.Build.0 = Release|Any CPU
		{A7114267-336C-4CDB-9F06-306C284D0B5D}.AppStore|Any CPU.Deploy.0 = Release|Any CPU
		{A7114267-336C-4CDB-9F06-306C284D0B5D}.AppStore|iPhone.ActiveCfg = Release|Any CPU
		{A7114267-336C-4CDB-9F06-306C284D0B5D}.AppStore|iPhone.Build.0 = Release|Any CPU
		{A7114267-336C-4CDB-9F06-306C284D0B5D}.AppStore|iPhone.Deploy.0 = Release|Any CPU
		{A7114267-336C-4CDB-9F06-306C284D0B5D}.AppStore|iPhoneSimulator.ActiveCfg = Release|Any CPU
		{A7114267-336C-4CDB-9F06-306C284D0B5D}.AppStore|iPhoneSimulator.Build.0 = Release|Any CPU
		{A7114267-336C-4CDB-9F06-306C284D0B5D}.AppStore|iPhoneSimulator.Deploy.0 = Release|Any CPU
		{A7114267-336C-4CDB-9F06-306C284D0B5D}.Debug|Any CPU.ActiveCfg = Debug|Any CPU
		{A7114267-336C-4CDB-9F06-306C284D0B5D}.Debug|Any CPU.Build.0 = Debug|Any CPU
		{A7114267-336C-4CDB-9F06-306C284D0B5D}.Debug|Any CPU.Deploy.0 = Debug|Any CPU
		{A7114267-336C-4CDB-9F06-306C284D0B5D}.Debug|iPhone.ActiveCfg = Debug|Any CPU
		{A7114267-336C-4CDB-9F06-306C284D0B5D}.Debug|iPhone.Build.0 = Debug|Any CPU
		{A7114267-336C-4CDB-9F06-306C284D0B5D}.Debug|iPhone.Deploy.0 = Debug|Any CPU
		{A7114267-336C-4CDB-9F06-306C284D0B5D}.Debug|iPhoneSimulator.ActiveCfg = Debug|Any CPU
		{A7114267-336C-4CDB-9F06-306C284D0B5D}.Debug|iPhoneSimulator.Build.0 = Debug|Any CPU
		{A7114267-336C-4CDB-9F06-306C284D0B5D}.Debug|iPhoneSimulator.Deploy.0 = Debug|Any CPU
		{A7114267-336C-4CDB-9F06-306C284D0B5D}.Release|Any CPU.ActiveCfg = Release|Any CPU
		{A7114267-336C-4CDB-9F06-306C284D0B5D}.Release|Any CPU.Build.0 = Release|Any CPU
		{A7114267-336C-4CDB-9F06-306C284D0B5D}.Release|Any CPU.Deploy.0 = Release|Any CPU
		{A7114267-336C-4CDB-9F06-306C284D0B5D}.Release|iPhone.ActiveCfg = Release|Any CPU
		{A7114267-336C-4CDB-9F06-306C284D0B5D}.Release|iPhone.Build.0 = Release|Any CPU
		{A7114267-336C-4CDB-9F06-306C284D0B5D}.Release|iPhone.Deploy.0 = Release|Any CPU
		{A7114267-336C-4CDB-9F06-306C284D0B5D}.Release|iPhoneSimulator.ActiveCfg = Release|Any CPU
		{A7114267-336C-4CDB-9F06-306C284D0B5D}.Release|iPhoneSimulator.Build.0 = Release|Any CPU
		{A7114267-336C-4CDB-9F06-306C284D0B5D}.Release|iPhoneSimulator.Deploy.0 = Release|Any CPU
		{F4C7C5F0-642E-47A6-AE91-36814401D332}.Ad-Hoc|Any CPU.ActiveCfg = Ad-Hoc|iPhone
		{F4C7C5F0-642E-47A6-AE91-36814401D332}.Ad-Hoc|Any CPU.Build.0 = Ad-Hoc|iPhone
		{F4C7C5F0-642E-47A6-AE91-36814401D332}.Ad-Hoc|Any CPU.Deploy.0 = Ad-Hoc|iPhone
		{F4C7C5F0-642E-47A6-AE91-36814401D332}.Ad-Hoc|iPhone.ActiveCfg = Ad-Hoc|iPhone
		{F4C7C5F0-642E-47A6-AE91-36814401D332}.Ad-Hoc|iPhone.Build.0 = Ad-Hoc|iPhone
		{F4C7C5F0-642E-47A6-AE91-36814401D332}.Ad-Hoc|iPhone.Deploy.0 = Ad-Hoc|iPhone
		{F4C7C5F0-642E-47A6-AE91-36814401D332}.Ad-Hoc|iPhoneSimulator.ActiveCfg = Ad-Hoc|iPhoneSimulator
		{F4C7C5F0-642E-47A6-AE91-36814401D332}.Ad-Hoc|iPhoneSimulator.Build.0 = Ad-Hoc|iPhoneSimulator
		{F4C7C5F0-642E-47A6-AE91-36814401D332}.Ad-Hoc|iPhoneSimulator.Deploy.0 = Ad-Hoc|iPhoneSimulator
		{F4C7C5F0-642E-47A6-AE91-36814401D332}.AppStore|Any CPU.ActiveCfg = AppStore|iPhone
		{F4C7C5F0-642E-47A6-AE91-36814401D332}.AppStore|Any CPU.Build.0 = AppStore|iPhone
		{F4C7C5F0-642E-47A6-AE91-36814401D332}.AppStore|Any CPU.Deploy.0 = AppStore|iPhone
		{F4C7C5F0-642E-47A6-AE91-36814401D332}.AppStore|iPhone.ActiveCfg = AppStore|iPhone
		{F4C7C5F0-642E-47A6-AE91-36814401D332}.AppStore|iPhone.Build.0 = AppStore|iPhone
		{F4C7C5F0-642E-47A6-AE91-36814401D332}.AppStore|iPhone.Deploy.0 = AppStore|iPhone
		{F4C7C5F0-642E-47A6-AE91-36814401D332}.AppStore|iPhoneSimulator.ActiveCfg = AppStore|iPhoneSimulator
		{F4C7C5F0-642E-47A6-AE91-36814401D332}.AppStore|iPhoneSimulator.Build.0 = AppStore|iPhoneSimulator
		{F4C7C5F0-642E-47A6-AE91-36814401D332}.AppStore|iPhoneSimulator.Deploy.0 = AppStore|iPhoneSimulator
		{F4C7C5F0-642E-47A6-AE91-36814401D332}.Debug|Any CPU.ActiveCfg = Debug|iPhoneSimulator
		{F4C7C5F0-642E-47A6-AE91-36814401D332}.Debug|Any CPU.Build.0 = Debug|iPhoneSimulator
		{F4C7C5F0-642E-47A6-AE91-36814401D332}.Debug|Any CPU.Deploy.0 = Debug|iPhoneSimulator
		{F4C7C5F0-642E-47A6-AE91-36814401D332}.Debug|iPhone.ActiveCfg = Debug|iPhone
		{F4C7C5F0-642E-47A6-AE91-36814401D332}.Debug|iPhone.Build.0 = Debug|iPhone
		{F4C7C5F0-642E-47A6-AE91-36814401D332}.Debug|iPhone.Deploy.0 = Debug|iPhone
		{F4C7C5F0-642E-47A6-AE91-36814401D332}.Debug|iPhoneSimulator.ActiveCfg = Debug|iPhoneSimulator
		{F4C7C5F0-642E-47A6-AE91-36814401D332}.Debug|iPhoneSimulator.Build.0 = Debug|iPhoneSimulator
		{F4C7C5F0-642E-47A6-AE91-36814401D332}.Debug|iPhoneSimulator.Deploy.0 = Debug|iPhoneSimulator
		{F4C7C5F0-642E-47A6-AE91-36814401D332}.Release|Any CPU.ActiveCfg = Release|iPhone
		{F4C7C5F0-642E-47A6-AE91-36814401D332}.Release|Any CPU.Build.0 = Release|iPhone
		{F4C7C5F0-642E-47A6-AE91-36814401D332}.Release|Any CPU.Deploy.0 = Release|iPhone
		{F4C7C5F0-642E-47A6-AE91-36814401D332}.Release|iPhone.ActiveCfg = Release|iPhone
		{F4C7C5F0-642E-47A6-AE91-36814401D332}.Release|iPhone.Build.0 = Release|iPhone
		{F4C7C5F0-642E-47A6-AE91-36814401D332}.Release|iPhone.Deploy.0 = Release|iPhone
		{F4C7C5F0-642E-47A6-AE91-36814401D332}.Release|iPhoneSimulator.ActiveCfg = Release|iPhoneSimulator
		{F4C7C5F0-642E-47A6-AE91-36814401D332}.Release|iPhoneSimulator.Build.0 = Release|iPhoneSimulator
		{F4C7C5F0-642E-47A6-AE91-36814401D332}.Release|iPhoneSimulator.Deploy.0 = Release|iPhoneSimulator
		{44A08D49-E39C-4942-816D-738F34274664}.Ad-Hoc|Any CPU.ActiveCfg = Debug|Any CPU
		{44A08D49-E39C-4942-816D-738F34274664}.Ad-Hoc|Any CPU.Build.0 = Debug|Any CPU
		{44A08D49-E39C-4942-816D-738F34274664}.Ad-Hoc|Any CPU.Deploy.0 = Debug|Any CPU
		{44A08D49-E39C-4942-816D-738F34274664}.Ad-Hoc|iPhone.ActiveCfg = Debug|Any CPU
		{44A08D49-E39C-4942-816D-738F34274664}.Ad-Hoc|iPhone.Build.0 = Debug|Any CPU
		{44A08D49-E39C-4942-816D-738F34274664}.Ad-Hoc|iPhone.Deploy.0 = Debug|Any CPU
		{44A08D49-E39C-4942-816D-738F34274664}.Ad-Hoc|iPhoneSimulator.ActiveCfg = Debug|Any CPU
		{44A08D49-E39C-4942-816D-738F34274664}.Ad-Hoc|iPhoneSimulator.Build.0 = Debug|Any CPU
		{44A08D49-E39C-4942-816D-738F34274664}.Ad-Hoc|iPhoneSimulator.Deploy.0 = Debug|Any CPU
		{44A08D49-E39C-4942-816D-738F34274664}.AppStore|Any CPU.ActiveCfg = Debug|Any CPU
		{44A08D49-E39C-4942-816D-738F34274664}.AppStore|Any CPU.Build.0 = Debug|Any CPU
		{44A08D49-E39C-4942-816D-738F34274664}.AppStore|Any CPU.Deploy.0 = Debug|Any CPU
		{44A08D49-E39C-4942-816D-738F34274664}.AppStore|iPhone.ActiveCfg = Debug|Any CPU
		{44A08D49-E39C-4942-816D-738F34274664}.AppStore|iPhone.Build.0 = Debug|Any CPU
		{44A08D49-E39C-4942-816D-738F34274664}.AppStore|iPhone.Deploy.0 = Debug|Any CPU
		{44A08D49-E39C-4942-816D-738F34274664}.AppStore|iPhoneSimulator.ActiveCfg = Debug|Any CPU
		{44A08D49-E39C-4942-816D-738F34274664}.AppStore|iPhoneSimulator.Build.0 = Debug|Any CPU
		{44A08D49-E39C-4942-816D-738F34274664}.AppStore|iPhoneSimulator.Deploy.0 = Debug|Any CPU
		{44A08D49-E39C-4942-816D-738F34274664}.Debug|Any CPU.ActiveCfg = Debug|Any CPU
		{44A08D49-E39C-4942-816D-738F34274664}.Debug|Any CPU.Build.0 = Debug|Any CPU
		{44A08D49-E39C-4942-816D-738F34274664}.Debug|Any CPU.Deploy.0 = Debug|Any CPU
		{44A08D49-E39C-4942-816D-738F34274664}.Debug|iPhone.ActiveCfg = Debug|Any CPU
		{44A08D49-E39C-4942-816D-738F34274664}.Debug|iPhone.Build.0 = Debug|Any CPU
		{44A08D49-E39C-4942-816D-738F34274664}.Debug|iPhone.Deploy.0 = Debug|Any CPU
		{44A08D49-E39C-4942-816D-738F34274664}.Debug|iPhoneSimulator.ActiveCfg = Debug|Any CPU
		{44A08D49-E39C-4942-816D-738F34274664}.Debug|iPhoneSimulator.Build.0 = Debug|Any CPU
		{44A08D49-E39C-4942-816D-738F34274664}.Debug|iPhoneSimulator.Deploy.0 = Debug|Any CPU
		{44A08D49-E39C-4942-816D-738F34274664}.Release|Any CPU.ActiveCfg = Release|Any CPU
		{44A08D49-E39C-4942-816D-738F34274664}.Release|Any CPU.Build.0 = Release|Any CPU
		{44A08D49-E39C-4942-816D-738F34274664}.Release|Any CPU.Deploy.0 = Release|Any CPU
		{44A08D49-E39C-4942-816D-738F34274664}.Release|iPhone.ActiveCfg = Release|Any CPU
		{44A08D49-E39C-4942-816D-738F34274664}.Release|iPhone.Build.0 = Release|Any CPU
		{44A08D49-E39C-4942-816D-738F34274664}.Release|iPhone.Deploy.0 = Release|Any CPU
		{44A08D49-E39C-4942-816D-738F34274664}.Release|iPhoneSimulator.ActiveCfg = Release|Any CPU
		{44A08D49-E39C-4942-816D-738F34274664}.Release|iPhoneSimulator.Build.0 = Release|Any CPU
		{44A08D49-E39C-4942-816D-738F34274664}.Release|iPhoneSimulator.Deploy.0 = Release|Any CPU
	EndGlobalSection
	GlobalSection(SolutionProperties) = preSolution
		HideSolutionNode = FALSE
	EndGlobalSection
	GlobalSection(ExtensibilityGlobals) = postSolution
		SolutionGuid = {27A99096-B88D-4AB6-8192-3C6B449BBB65}
	EndGlobalSection
EndGlobal
